
Microsoft Visual Studio Solution File, Format Version 12.00
# Visual Studio Version 17
VisualStudioVersion = 17.5.33627.172
MinimumVisualStudioVersion = 10.0.40219.1
Project("{9A19103F-16F7-4668-BE54-9A1E7A4F7556}") = "RetrainingScheduler", "RetrainingScheduler\RetrainingScheduler.csproj", "{93B93B2A-61B1-4717-96F3-95E9796F2406}"
EndProject
Project("{9A19103F-16F7-4668-BE54-9A1E7A4F7556}") = "RetrainingSchedulerTest", "RetrainingSchedulerTest\RetrainingSchedulerTest.csproj", "{634E18EA-D486-427E-8FE6-C64AA2AFEE86}"
EndProject
Global
	GlobalSection(SolutionConfigurationPlatforms) = preSolution
		Debug|Any CPU = Debug|Any CPU
		Release|Any CPU = Release|Any CPU
	EndGlobalSection
	GlobalSection(ProjectConfigurationPlatforms) = postSolution
		{93B93B2A-61B1-4717-96F3-95E9796F2406}.Debug|Any CPU.ActiveCfg = Debug|Any CPU
		{93B93B2A-61B1-4717-96F3-95E9796F2406}.Debug|Any CPU.Build.0 = Debug|Any CPU
		{93B93B2A-61B1-4717-96F3-95E9796F2406}.Release|Any CPU.ActiveCfg = Release|Any CPU
		{93B93B2A-61B1-4717-96F3-95E9796F2406}.Release|Any CPU.Build.0 = Release|Any CPU
		{634E18EA-D486-427E-8FE6-C64AA2AFEE86}.Debug|Any CPU.ActiveCfg = Debug|Any CPU
		{634E18EA-D486-427E-8FE6-C64AA2AFEE86}.Debug|Any CPU.Build.0 = Debug|Any CPU
		{634E18EA-D486-427E-8FE6-C64AA2AFEE86}.Release|Any CPU.ActiveCfg = Release|Any CPU
		{634E18EA-D486-427E-8FE6-C64AA2AFEE86}.Release|Any CPU.Build.0 = Release|Any CPU
	EndGlobalSection
	GlobalSection(SolutionProperties) = preSolution
		HideSolutionNode = FALSE
	EndGlobalSection
	GlobalSection(ExtensibilityGlobals) = postSolution
		SolutionGuid = {9026CCF2-9913-4730-8E53-494E2EF322C9}
	EndGlobalSection
EndGlobal
